// !$*UTF8*$!
{
	archiveVersion = 1;
	classes = {
	};
	objectVersion = 56;
	objects = {

/* Begin PBXBuildFile section */
		586D80952C9CF56A0003C9C9 /* SettingsViewController.swift in Sources */ = {isa = PBXBuildFile; fileRef = 586D80942C9CF56A0003C9C9 /* SettingsViewController.swift */; };
		586D80972C9D00FF0003C9C9 /* SearchViewController.swift in Sources */ = {isa = PBXBuildFile; fileRef = 586D80962C9D00FF0003C9C9 /* SearchViewController.swift */; };
		586D80992C9D032E0003C9C9 /* MovieTableViewCell.swift in Sources */ = {isa = PBXBuildFile; fileRef = 586D80982C9D032E0003C9C9 /* MovieTableViewCell.swift */; };
		586D809B2C9D054B0003C9C9 /* MovieTableViewCell.xib in Resources */ = {isa = PBXBuildFile; fileRef = 586D809A2C9D054B0003C9C9 /* MovieTableViewCell.xib */; };
		588934D12CA0EB7900D63E17 /* LightDarkModel.m in Sources */ = {isa = PBXBuildFile; fileRef = 588934D02CA0EB7900D63E17 /* LightDarkModel.m */; };
		58C5E2472C9BD3B500BFE0EF /* TableViewController.swift in Sources */ = {isa = PBXBuildFile; fileRef = 58C5E2462C9BD3B500BFE0EF /* TableViewController.swift */; };
		58C5E24B2C9BD89A00BFE0EF /* MovieModel.m in Sources */ = {isa = PBXBuildFile; fileRef = 58C5E24A2C9BD89A00BFE0EF /* MovieModel.m */; };
		58C5E24D2C9BE85200BFE0EF /* MenuViewController.swift in Sources */ = {isa = PBXBuildFile; fileRef = 58C5E24C2C9BE85200BFE0EF /* MenuViewController.swift */; };
		58C5E24F2C9BEA8400BFE0EF /* Page2ViewController.swift in Sources */ = {isa = PBXBuildFile; fileRef = 58C5E24E2C9BEA8400BFE0EF /* Page2ViewController.swift */; };
		58C5E2512C9BEA9900BFE0EF /* Page3ViewController.swift in Sources */ = {isa = PBXBuildFile; fileRef = 58C5E2502C9BEA9900BFE0EF /* Page3ViewController.swift */; };
		58C5E2532C9BF3D800BFE0EF /* MovieViewController.swift in Sources */ = {isa = PBXBuildFile; fileRef = 58C5E2522C9BF3D800BFE0EF /* MovieViewController.swift */; };
		58F927642C991CEB0048EF37 /* AppDelegate.swift in Sources */ = {isa = PBXBuildFile; fileRef = 58F927632C991CEB0048EF37 /* AppDelegate.swift */; };
		58F927662C991CEB0048EF37 /* SceneDelegate.swift in Sources */ = {isa = PBXBuildFile; fileRef = 58F927652C991CEB0048EF37 /* SceneDelegate.swift */; };
		58F927682C991CEB0048EF37 /* ViewController.swift in Sources */ = {isa = PBXBuildFile; fileRef = 58F927672C991CEB0048EF37 /* ViewController.swift */; };
		58F9276B2C991CEB0048EF37 /* Base in Resources */ = {isa = PBXBuildFile; fileRef = 58F9276A2C991CEB0048EF37 /* Base */; };
		58F9276D2C991CED0048EF37 /* Assets.xcassets in Resources */ = {isa = PBXBuildFile; fileRef = 58F9276C2C991CED0048EF37 /* Assets.xcassets */; };
		58F927702C991CED0048EF37 /* Base in Resources */ = {isa = PBXBuildFile; fileRef = 58F9276F2C991CED0048EF37 /* Base */; };
		EF38368A2CA0DE1C00EEDF78 /* MoviePosterCell.xib in Resources */ = {isa = PBXBuildFile; fileRef = EF3836892CA0DE1C00EEDF78 /* MoviePosterCell.xib */; };
		EF38368B2CA0DE1C00EEDF78 /* MoviePosterCell.swift in Sources */ = {isa = PBXBuildFile; fileRef = EF3836882CA0DE1C00EEDF78 /* MoviePosterCell.swift */; };
/* End PBXBuildFile section */

/* Begin PBXFileReference section */
		586D80942C9CF56A0003C9C9 /* SettingsViewController.swift */ = {isa = PBXFileReference; lastKnownFileType = sourcecode.swift; path = SettingsViewController.swift; sourceTree = "<group>"; };
		586D80962C9D00FF0003C9C9 /* SearchViewController.swift */ = {isa = PBXFileReference; lastKnownFileType = sourcecode.swift; path = SearchViewController.swift; sourceTree = "<group>"; };
		586D80982C9D032E0003C9C9 /* MovieTableViewCell.swift */ = {isa = PBXFileReference; lastKnownFileType = sourcecode.swift; path = MovieTableViewCell.swift; sourceTree = "<group>"; };
		586D809A2C9D054B0003C9C9 /* MovieTableViewCell.xib */ = {isa = PBXFileReference; lastKnownFileType = file.xib; path = MovieTableViewCell.xib; sourceTree = "<group>"; };
		588934CF2CA0EB7900D63E17 /* LightDarkModel.h */ = {isa = PBXFileReference; lastKnownFileType = sourcecode.c.h; path = LightDarkModel.h; sourceTree = "<group>"; };
		588934D02CA0EB7900D63E17 /* LightDarkModel.m */ = {isa = PBXFileReference; lastKnownFileType = sourcecode.c.objc; path = LightDarkModel.m; sourceTree = "<group>"; };
		58C5E2462C9BD3B500BFE0EF /* TableViewController.swift */ = {isa = PBXFileReference; lastKnownFileType = sourcecode.swift; path = TableViewController.swift; sourceTree = "<group>"; };
		58C5E2482C9BD89A00BFE0EF /* mobile_apps_lab_1_sink_or_swim-Bridging-Header.h */ = {isa = PBXFileReference; lastKnownFileType = sourcecode.c.h; path = "mobile_apps_lab_1_sink_or_swim-Bridging-Header.h"; sourceTree = "<group>"; };
		58C5E2492C9BD89A00BFE0EF /* MovieModel.h */ = {isa = PBXFileReference; lastKnownFileType = sourcecode.c.h; path = MovieModel.h; sourceTree = "<group>"; };
		58C5E24A2C9BD89A00BFE0EF /* MovieModel.m */ = {isa = PBXFileReference; lastKnownFileType = sourcecode.c.objc; path = MovieModel.m; sourceTree = "<group>"; };
		58C5E24C2C9BE85200BFE0EF /* MenuViewController.swift */ = {isa = PBXFileReference; lastKnownFileType = sourcecode.swift; path = MenuViewController.swift; sourceTree = "<group>"; };
		58C5E24E2C9BEA8400BFE0EF /* Page2ViewController.swift */ = {isa = PBXFileReference; lastKnownFileType = sourcecode.swift; path = Page2ViewController.swift; sourceTree = "<group>"; };
		58C5E2502C9BEA9900BFE0EF /* Page3ViewController.swift */ = {isa = PBXFileReference; lastKnownFileType = sourcecode.swift; path = Page3ViewController.swift; sourceTree = "<group>"; };
		58C5E2522C9BF3D800BFE0EF /* MovieViewController.swift */ = {isa = PBXFileReference; lastKnownFileType = sourcecode.swift; path = MovieViewController.swift; sourceTree = "<group>"; };
		58F927602C991CEB0048EF37 /* mobile_apps_lab_1_sink_or_swim.app */ = {isa = PBXFileReference; explicitFileType = wrapper.application; includeInIndex = 0; path = mobile_apps_lab_1_sink_or_swim.app; sourceTree = BUILT_PRODUCTS_DIR; };
		58F927632C991CEB0048EF37 /* AppDelegate.swift */ = {isa = PBXFileReference; lastKnownFileType = sourcecode.swift; path = AppDelegate.swift; sourceTree = "<group>"; };
		58F927652C991CEB0048EF37 /* SceneDelegate.swift */ = {isa = PBXFileReference; lastKnownFileType = sourcecode.swift; path = SceneDelegate.swift; sourceTree = "<group>"; };
		58F927672C991CEB0048EF37 /* ViewController.swift */ = {isa = PBXFileReference; lastKnownFileType = sourcecode.swift; path = ViewController.swift; sourceTree = "<group>"; };
		58F9276A2C991CEB0048EF37 /* Base */ = {isa = PBXFileReference; lastKnownFileType = file.storyboard; name = Base; path = Base.lproj/Main.storyboard; sourceTree = "<group>"; };
		58F9276C2C991CED0048EF37 /* Assets.xcassets */ = {isa = PBXFileReference; lastKnownFileType = folder.assetcatalog; path = Assets.xcassets; sourceTree = "<group>"; };
		58F9276F2C991CED0048EF37 /* Base */ = {isa = PBXFileReference; lastKnownFileType = file.storyboard; name = Base; path = Base.lproj/LaunchScreen.storyboard; sourceTree = "<group>"; };
		58F927712C991CED0048EF37 /* Info.plist */ = {isa = PBXFileReference; lastKnownFileType = text.plist.xml; path = Info.plist; sourceTree = "<group>"; };
		EF3836882CA0DE1C00EEDF78 /* MoviePosterCell.swift */ = {isa = PBXFileReference; lastKnownFileType = sourcecode.swift; path = MoviePosterCell.swift; sourceTree = "<group>"; };
		EF3836892CA0DE1C00EEDF78 /* MoviePosterCell.xib */ = {isa = PBXFileReference; lastKnownFileType = file.xib; path = MoviePosterCell.xib; sourceTree = "<group>"; };
/* End PBXFileReference section */

/* Begin PBXFrameworksBuildPhase section */
		58F9275D2C991CEB0048EF37 /* Frameworks */ = {
			isa = PBXFrameworksBuildPhase;
			buildActionMask = 2147483647;
			files = (
			);
			runOnlyForDeploymentPostprocessing = 0;
		};
/* End PBXFrameworksBuildPhase section */

/* Begin PBXGroup section */
		58F927572C991CEB0048EF37 = {
			isa = PBXGroup;
			children = (
				58F927622C991CEB0048EF37 /* mobile_apps_lab_1_sink_or_swim */,
				58F927612C991CEB0048EF37 /* Products */,
			);
			sourceTree = "<group>";
		};
		58F927612C991CEB0048EF37 /* Products */ = {
			isa = PBXGroup;
			children = (
				58F927602C991CEB0048EF37 /* mobile_apps_lab_1_sink_or_swim.app */,
			);
			name = Products;
			sourceTree = "<group>";
		};
		58F927622C991CEB0048EF37 /* mobile_apps_lab_1_sink_or_swim */ = {
			isa = PBXGroup;
			children = (
				58F927632C991CEB0048EF37 /* AppDelegate.swift */,
				58F927652C991CEB0048EF37 /* SceneDelegate.swift */,
				58F927672C991CEB0048EF37 /* ViewController.swift */,
				586D80942C9CF56A0003C9C9 /* SettingsViewController.swift */,
				58C5E24C2C9BE85200BFE0EF /* MenuViewController.swift */,
				58C5E2462C9BD3B500BFE0EF /* TableViewController.swift */,
				586D80962C9D00FF0003C9C9 /* SearchViewController.swift */,
				58C5E2522C9BF3D800BFE0EF /* MovieViewController.swift */,
				58C5E24E2C9BEA8400BFE0EF /* Page2ViewController.swift */,
				58C5E2502C9BEA9900BFE0EF /* Page3ViewController.swift */,
				58C5E2492C9BD89A00BFE0EF /* MovieModel.h */,
				58C5E24A2C9BD89A00BFE0EF /* MovieModel.m */,
				588934CF2CA0EB7900D63E17 /* LightDarkModel.h */,
				588934D02CA0EB7900D63E17 /* LightDarkModel.m */,
				586D80982C9D032E0003C9C9 /* MovieTableViewCell.swift */,
				EF3836882CA0DE1C00EEDF78 /* MoviePosterCell.swift */,
				EF3836892CA0DE1C00EEDF78 /* MoviePosterCell.xib */,
				58F927692C991CEB0048EF37 /* Main.storyboard */,
				58F9276C2C991CED0048EF37 /* Assets.xcassets */,
				58F9276E2C991CED0048EF37 /* LaunchScreen.storyboard */,
				58F927712C991CED0048EF37 /* Info.plist */,
				58C5E2482C9BD89A00BFE0EF /* mobile_apps_lab_1_sink_or_swim-Bridging-Header.h */,
				586D809A2C9D054B0003C9C9 /* MovieTableViewCell.xib */,
			);
			path = mobile_apps_lab_1_sink_or_swim;
			sourceTree = "<group>";
		};
/* End PBXGroup section */

/* Begin PBXNativeTarget section */
		58F9275F2C991CEB0048EF37 /* mobile_apps_lab_1_sink_or_swim */ = {
			isa = PBXNativeTarget;
			buildConfigurationList = 58F927742C991CED0048EF37 /* Build configuration list for PBXNativeTarget "mobile_apps_lab_1_sink_or_swim" */;
			buildPhases = (
				58F9275C2C991CEB0048EF37 /* Sources */,
				58F9275D2C991CEB0048EF37 /* Frameworks */,
				58F9275E2C991CEB0048EF37 /* Resources */,
			);
			buildRules = (
			);
			dependencies = (
			);
			name = mobile_apps_lab_1_sink_or_swim;
			productName = mobile_apps_lab_1_sink_or_swim;
			productReference = 58F927602C991CEB0048EF37 /* mobile_apps_lab_1_sink_or_swim.app */;
			productType = "com.apple.product-type.application";
		};
/* End PBXNativeTarget section */

/* Begin PBXProject section */
		58F927582C991CEB0048EF37 /* Project object */ = {
			isa = PBXProject;
			attributes = {
				BuildIndependentTargetsInParallel = 1;
				LastSwiftUpdateCheck = 1540;
				LastUpgradeCheck = 1540;
				TargetAttributes = {
					58F9275F2C991CEB0048EF37 = {
						CreatedOnToolsVersion = 15.4;
						LastSwiftMigration = 1600;
					};
				};
			};
			buildConfigurationList = 58F9275B2C991CEB0048EF37 /* Build configuration list for PBXProject "mobile_apps_lab_1_sink_or_swim" */;
			compatibilityVersion = "Xcode 14.0";
			developmentRegion = en;
			hasScannedForEncodings = 0;
			knownRegions = (
				en,
				Base,
			);
			mainGroup = 58F927572C991CEB0048EF37;
			productRefGroup = 58F927612C991CEB0048EF37 /* Products */;
			projectDirPath = "";
			projectRoot = "";
			targets = (
				58F9275F2C991CEB0048EF37 /* mobile_apps_lab_1_sink_or_swim */,
			);
		};
/* End PBXProject section */

/* Begin PBXResourcesBuildPhase section */
		58F9275E2C991CEB0048EF37 /* Resources */ = {
			isa = PBXResourcesBuildPhase;
			buildActionMask = 2147483647;
			files = (
				58F9276D2C991CED0048EF37 /* Assets.xcassets in Resources */,
				58F927702C991CED0048EF37 /* Base in Resources */,
				586D809B2C9D054B0003C9C9 /* MovieTableViewCell.xib in Resources */,
				EF38368A2CA0DE1C00EEDF78 /* MoviePosterCell.xib in Resources */,
				58F9276B2C991CEB0048EF37 /* Base in Resources */,
			);
			runOnlyForDeploymentPostprocessing = 0;
		};
/* End PBXResourcesBuildPhase section */

/* Begin PBXSourcesBuildPhase section */
		58F9275C2C991CEB0048EF37 /* Sources */ = {
			isa = PBXSourcesBuildPhase;
			buildActionMask = 2147483647;
			files = (
				588934D12CA0EB7900D63E17 /* LightDarkModel.m in Sources */,
				58F927682C991CEB0048EF37 /* ViewController.swift in Sources */,
				586D80972C9D00FF0003C9C9 /* SearchViewController.swift in Sources */,
				586D80992C9D032E0003C9C9 /* MovieTableViewCell.swift in Sources */,
				EF38368B2CA0DE1C00EEDF78 /* MoviePosterCell.swift in Sources */,
				58C5E24D2C9BE85200BFE0EF /* MenuViewController.swift in Sources */,
				58F927642C991CEB0048EF37 /* AppDelegate.swift in Sources */,
				586D80952C9CF56A0003C9C9 /* SettingsViewController.swift in Sources */,
				58C5E2512C9BEA9900BFE0EF /* Page3ViewController.swift in Sources */,
				58F927662C991CEB0048EF37 /* SceneDelegate.swift in Sources */,
				58C5E2532C9BF3D800BFE0EF /* MovieViewController.swift in Sources */,
				58C5E24B2C9BD89A00BFE0EF /* MovieModel.m in Sources */,
				58C5E2472C9BD3B500BFE0EF /* TableViewController.swift in Sources */,
				58C5E24F2C9BEA8400BFE0EF /* Page2ViewController.swift in Sources */,
			);
			runOnlyForDeploymentPostprocessing = 0;
		};
/* End PBXSourcesBuildPhase section */

/* Begin PBXVariantGroup section */
		58F927692C991CEB0048EF37 /* Main.storyboard */ = {
			isa = PBXVariantGroup;
			children = (
				58F9276A2C991CEB0048EF37 /* Base */,
			);
			name = Main.storyboard;
			sourceTree = "<group>";
		};
		58F9276E2C991CED0048EF37 /* LaunchScreen.storyboard */ = {
			isa = PBXVariantGroup;
			children = (
				58F9276F2C991CED0048EF37 /* Base */,
			);
			name = LaunchScreen.storyboard;
			sourceTree = "<group>";
		};
/* End PBXVariantGroup section */

/* Begin XCBuildConfiguration section */
		58F927722C991CED0048EF37 /* Debug */ = {
			isa = XCBuildConfiguration;
			buildSettings = {
				ALWAYS_SEARCH_USER_PATHS = NO;
				ASSETCATALOG_COMPILER_GENERATE_SWIFT_ASSET_SYMBOL_EXTENSIONS = YES;
				CLANG_ANALYZER_NONNULL = YES;
				CLANG_ANALYZER_NUMBER_OBJECT_CONVERSION = YES_AGGRESSIVE;
				CLANG_CXX_LANGUAGE_STANDARD = "gnu++20";
				CLANG_ENABLE_MODULES = YES;
				CLANG_ENABLE_OBJC_ARC = YES;
				CLANG_ENABLE_OBJC_WEAK = YES;
				CLANG_WARN_BLOCK_CAPTURE_AUTORELEASING = YES;
				CLANG_WARN_BOOL_CONVERSION = YES;
				CLANG_WARN_COMMA = YES;
				CLANG_WARN_CONSTANT_CONVERSION = YES;
				CLANG_WARN_DEPRECATED_OBJC_IMPLEMENTATIONS = YES;
				CLANG_WARN_DIRECT_OBJC_ISA_USAGE = YES_ERROR;
				CLANG_WARN_DOCUMENTATION_COMMENTS = YES;
				CLANG_WARN_EMPTY_BODY = YES;
				CLANG_WARN_ENUM_CONVERSION = YES;
				CLANG_WARN_INFINITE_RECURSION = YES;
				CLANG_WARN_INT_CONVERSION = YES;
				CLANG_WARN_NON_LITERAL_NULL_CONVERSION = YES;
				CLANG_WARN_OBJC_IMPLICIT_RETAIN_SELF = YES;
				CLANG_WARN_OBJC_LITERAL_CONVERSION = YES;
				CLANG_WARN_OBJC_ROOT_CLASS = YES_ERROR;
				CLANG_WARN_QUOTED_INCLUDE_IN_FRAMEWORK_HEADER = YES;
				CLANG_WARN_RANGE_LOOP_ANALYSIS = YES;
				CLANG_WARN_STRICT_PROTOTYPES = YES;
				CLANG_WARN_SUSPICIOUS_MOVE = YES;
				CLANG_WARN_UNGUARDED_AVAILABILITY = YES_AGGRESSIVE;
				CLANG_WARN_UNREACHABLE_CODE = YES;
				CLANG_WARN__DUPLICATE_METHOD_MATCH = YES;
				COPY_PHASE_STRIP = NO;
				DEBUG_INFORMATION_FORMAT = dwarf;
				ENABLE_STRICT_OBJC_MSGSEND = YES;
				ENABLE_TESTABILITY = YES;
				ENABLE_USER_SCRIPT_SANDBOXING = YES;
				GCC_C_LANGUAGE_STANDARD = gnu17;
				GCC_DYNAMIC_NO_PIC = NO;
				GCC_NO_COMMON_BLOCKS = YES;
				GCC_OPTIMIZATION_LEVEL = 0;
				GCC_PREPROCESSOR_DEFINITIONS = (
					"DEBUG=1",
					"$(inherited)",
				);
				GCC_WARN_64_TO_32_BIT_CONVERSION = YES;
				GCC_WARN_ABOUT_RETURN_TYPE = YES_ERROR;
				GCC_WARN_UNDECLARED_SELECTOR = YES;
				GCC_WARN_UNINITIALIZED_AUTOS = YES_AGGRESSIVE;
				GCC_WARN_UNUSED_FUNCTION = YES;
				GCC_WARN_UNUSED_VARIABLE = YES;
				IPHONEOS_DEPLOYMENT_TARGET = 17.5;
				LOCALIZATION_PREFERS_STRING_CATALOGS = YES;
				MTL_ENABLE_DEBUG_INFO = INCLUDE_SOURCE;
				MTL_FAST_MATH = YES;
				ONLY_ACTIVE_ARCH = YES;
				SDKROOT = iphoneos;
				SWIFT_ACTIVE_COMPILATION_CONDITIONS = "DEBUG $(inherited)";
				SWIFT_OPTIMIZATION_LEVEL = "-Onone";
			};
			name = Debug;
		};
		58F927732C991CED0048EF37 /* Release */ = {
			isa = XCBuildConfiguration;
			buildSettings = {
				ALWAYS_SEARCH_USER_PATHS = NO;
				ASSETCATALOG_COMPILER_GENERATE_SWIFT_ASSET_SYMBOL_EXTENSIONS = YES;
				CLANG_ANALYZER_NONNULL = YES;
				CLANG_ANALYZER_NUMBER_OBJECT_CONVERSION = YES_AGGRESSIVE;
				CLANG_CXX_LANGUAGE_STANDARD = "gnu++20";
				CLANG_ENABLE_MODULES = YES;
				CLANG_ENABLE_OBJC_ARC = YES;
				CLANG_ENABLE_OBJC_WEAK = YES;
				CLANG_WARN_BLOCK_CAPTURE_AUTORELEASING = YES;
				CLANG_WARN_BOOL_CONVERSION = YES;
				CLANG_WARN_COMMA = YES;
				CLANG_WARN_CONSTANT_CONVERSION = YES;
				CLANG_WARN_DEPRECATED_OBJC_IMPLEMENTATIONS = YES;
				CLANG_WARN_DIRECT_OBJC_ISA_USAGE = YES_ERROR;
				CLANG_WARN_DOCUMENTATION_COMMENTS = YES;
				CLANG_WARN_EMPTY_BODY = YES;
				CLANG_WARN_ENUM_CONVERSION = YES;
				CLANG_WARN_INFINITE_RECURSION = YES;
				CLANG_WARN_INT_CONVERSION = YES;
				CLANG_WARN_NON_LITERAL_NULL_CONVERSION = YES;
				CLANG_WARN_OBJC_IMPLICIT_RETAIN_SELF = YES;
				CLANG_WARN_OBJC_LITERAL_CONVERSION = YES;
				CLANG_WARN_OBJC_ROOT_CLASS = YES_ERROR;
				CLANG_WARN_QUOTED_INCLUDE_IN_FRAMEWORK_HEADER = YES;
				CLANG_WARN_RANGE_LOOP_ANALYSIS = YES;
				CLANG_WARN_STRICT_PROTOTYPES = YES;
				CLANG_WARN_SUSPICIOUS_MOVE = YES;
				CLANG_WARN_UNGUARDED_AVAILABILITY = YES_AGGRESSIVE;
				CLANG_WARN_UNREACHABLE_CODE = YES;
				CLANG_WARN__DUPLICATE_METHOD_MATCH = YES;
				COPY_PHASE_STRIP = NO;
				DEBUG_INFORMATION_FORMAT = "dwarf-with-dsym";
				ENABLE_NS_ASSERTIONS = NO;
				ENABLE_STRICT_OBJC_MSGSEND = YES;
				ENABLE_USER_SCRIPT_SANDBOXING = YES;
				GCC_C_LANGUAGE_STANDARD = gnu17;
				GCC_NO_COMMON_BLOCKS = YES;
				GCC_WARN_64_TO_32_BIT_CONVERSION = YES;
				GCC_WARN_ABOUT_RETURN_TYPE = YES_ERROR;
				GCC_WARN_UNDECLARED_SELECTOR = YES;
				GCC_WARN_UNINITIALIZED_AUTOS = YES_AGGRESSIVE;
				GCC_WARN_UNUSED_FUNCTION = YES;
				GCC_WARN_UNUSED_VARIABLE = YES;
				IPHONEOS_DEPLOYMENT_TARGET = 17.5;
				LOCALIZATION_PREFERS_STRING_CATALOGS = YES;
				MTL_ENABLE_DEBUG_INFO = NO;
				MTL_FAST_MATH = YES;
				SDKROOT = iphoneos;
				SWIFT_COMPILATION_MODE = wholemodule;
				VALIDATE_PRODUCT = YES;
			};
			name = Release;
		};
		58F927752C991CED0048EF37 /* Debug */ = {
			isa = XCBuildConfiguration;
			buildSettings = {
				ASSETCATALOG_COMPILER_APPICON_NAME = AppIcon;
				ASSETCATALOG_COMPILER_GLOBAL_ACCENT_COLOR_NAME = AccentColor;
				CLANG_ENABLE_MODULES = YES;
				CODE_SIGN_STYLE = Automatic;
				CURRENT_PROJECT_VERSION = 1;
				DEVELOPMENT_TEAM = 3QP9JTTSD4;
				GENERATE_INFOPLIST_FILE = YES;
				INFOPLIST_FILE = mobile_apps_lab_1_sink_or_swim/Info.plist;
				INFOPLIST_KEY_UIApplicationSupportsIndirectInputEvents = YES;
				INFOPLIST_KEY_UILaunchStoryboardName = LaunchScreen;
				INFOPLIST_KEY_UIMainStoryboardFile = Main;
				INFOPLIST_KEY_UISupportedInterfaceOrientations_iPad = "UIInterfaceOrientationPortrait UIInterfaceOrientationPortraitUpsideDown UIInterfaceOrientationLandscapeLeft UIInterfaceOrientationLandscapeRight";
				INFOPLIST_KEY_UISupportedInterfaceOrientations_iPhone = "UIInterfaceOrientationPortrait UIInterfaceOrientationLandscapeLeft UIInterfaceOrientationLandscapeRight";
				LD_RUNPATH_SEARCH_PATHS = (
					"$(inherited)",
					"@executable_path/Frameworks",
				);
				MARKETING_VERSION = 1.0;
				PRODUCT_BUNDLE_IDENTIFIER = "SMU.mobile-apps-lab-1-sink-or-swim-rick";
				PRODUCT_NAME = "$(TARGET_NAME)";
				SWIFT_EMIT_LOC_STRINGS = YES;
				SWIFT_OBJC_BRIDGING_HEADER = "mobile_apps_lab_1_sink_or_swim/mobile_apps_lab_1_sink_or_swim-Bridging-Header.h";
				SWIFT_OPTIMIZATION_LEVEL = "-Onone";
				SWIFT_VERSION = 5.0;
				TARGETED_DEVICE_FAMILY = "1,2";
			};
			name = Debug;
		};
		58F927762C991CED0048EF37 /* Release */ = {
			isa = XCBuildConfiguration;
			buildSettings = {
				ASSETCATALOG_COMPILER_APPICON_NAME = AppIcon;
				ASSETCATALOG_COMPILER_GLOBAL_ACCENT_COLOR_NAME = AccentColor;
				CLANG_ENABLE_MODULES = YES;
				CODE_SIGN_STYLE = Automatic;
				CURRENT_PROJECT_VERSION = 1;
				DEVELOPMENT_TEAM = 3QP9JTTSD4;
				GENERATE_INFOPLIST_FILE = YES;
				INFOPLIST_FILE = mobile_apps_lab_1_sink_or_swim/Info.plist;
				INFOPLIST_KEY_UIApplicationSupportsIndirectInputEvents = YES;
				INFOPLIST_KEY_UILaunchStoryboardName = LaunchScreen;
				INFOPLIST_KEY_UIMainStoryboardFile = Main;
				INFOPLIST_KEY_UISupportedInterfaceOrientations_iPad = "UIInterfaceOrientationPortrait UIInterfaceOrientationPortraitUpsideDown UIInterfaceOrientationLandscapeLeft UIInterfaceOrientationLandscapeRight";
				INFOPLIST_KEY_UISupportedInterfaceOrientations_iPhone = "UIInterfaceOrientationPortrait UIInterfaceOrientationLandscapeLeft UIInterfaceOrientationLandscapeRight";
				LD_RUNPATH_SEARCH_PATHS = (
					"$(inherited)",
					"@executable_path/Frameworks",
				);
				MARKETING_VERSION = 1.0;
				PRODUCT_BUNDLE_IDENTIFIER = "SMU.mobile-apps-lab-1-sink-or-swim-rick";
				PRODUCT_NAME = "$(TARGET_NAME)";
				SWIFT_EMIT_LOC_STRINGS = YES;
				SWIFT_OBJC_BRIDGING_HEADER = "mobile_apps_lab_1_sink_or_swim/mobile_apps_lab_1_sink_or_swim-Bridging-Header.h";
				SWIFT_VERSION = 5.0;
				TARGETED_DEVICE_FAMILY = "1,2";
			};
			name = Release;
		};
/* End XCBuildConfiguration section */

/* Begin XCConfigurationList section */
		58F9275B2C991CEB0048EF37 /* Build configuration list for PBXProject "mobile_apps_lab_1_sink_or_swim" */ = {
			isa = XCConfigurationList;
			buildConfigurations = (
				58F927722C991CED0048EF37 /* Debug */,
				58F927732C991CED0048EF37 /* Release */,
			);
			defaultConfigurationIsVisible = 0;
			defaultConfigurationName = Release;
		};
		58F927742C991CED0048EF37 /* Build configuration list for PBXNativeTarget "mobile_apps_lab_1_sink_or_swim" */ = {
			isa = XCConfigurationList;
			buildConfigurations = (
				58F927752C991CED0048EF37 /* Debug */,
				58F927762C991CED0048EF37 /* Release */,
			);
			defaultConfigurationIsVisible = 0;
			defaultConfigurationName = Release;
		};
/* End XCConfigurationList section */
	};
	rootObject = 58F927582C991CEB0048EF37 /* Project object */;
}
